
Microsoft Visual Studio Solution File, Format Version 12.00
# Visual Studio Version 17
VisualStudioVersion = 17.11.35222.181
MinimumVisualStudioVersion = 10.0.40219.1
Project("{9A19103F-16F7-4668-BE54-9A1E7A4F7556}") = "CSharp_lab09", "CSharp_lab09\CSharp_lab09.csproj", "{3C1E276B-CD01-4791-A0E4-B2AD7D5C079F}"
EndProject
Project("{FAE04EC0-301F-11D3-BF4B-00C04F79EFBC}") = "WeatherApp", "WeatherApp\WeatherApp.csproj", "{5B274E65-933C-4D63-9386-A8E1390924D3}"
EndProject
Project("{FAE04EC0-301F-11D3-BF4B-00C04F79EFBC}") = "ConsoleApp1", "ConsoleApp1\ConsoleApp1.csproj", "{2BFB9759-FC58-4711-9E28-A81AA8D9344F}"
EndProject
Global
	GlobalSection(SolutionConfigurationPlatforms) = preSolution
		Debug|Any CPU = Debug|Any CPU
		Release|Any CPU = Release|Any CPU
	EndGlobalSection
	GlobalSection(ProjectConfigurationPlatforms) = postSolution
		{3C1E276B-CD01-4791-A0E4-B2AD7D5C079F}.Debug|Any CPU.ActiveCfg = Debug|Any CPU
		{3C1E276B-CD01-4791-A0E4-B2AD7D5C079F}.Debug|Any CPU.Build.0 = Debug|Any CPU
		{3C1E276B-CD01-4791-A0E4-B2AD7D5C079F}.Release|Any CPU.ActiveCfg = Release|Any CPU
		{3C1E276B-CD01-4791-A0E4-B2AD7D5C079F}.Release|Any CPU.Build.0 = Release|Any CPU
		{5B274E65-933C-4D63-9386-A8E1390924D3}.Debug|Any CPU.ActiveCfg = Debug|Any CPU
		{5B274E65-933C-4D63-9386-A8E1390924D3}.Debug|Any CPU.Build.0 = Debug|Any CPU
		{5B274E65-933C-4D63-9386-A8E1390924D3}.Release|Any CPU.ActiveCfg = Release|Any CPU
		{5B274E65-933C-4D63-9386-A8E1390924D3}.Release|Any CPU.Build.0 = Release|Any CPU
		{2BFB9759-FC58-4711-9E28-A81AA8D9344F}.Debug|Any CPU.ActiveCfg = Debug|Any CPU
		{2BFB9759-FC58-4711-9E28-A81AA8D9344F}.Debug|Any CPU.Build.0 = Debug|Any CPU
		{2BFB9759-FC58-4711-9E28-A81AA8D9344F}.Release|Any CPU.ActiveCfg = Release|Any CPU
		{2BFB9759-FC58-4711-9E28-A81AA8D9344F}.Release|Any CPU.Build.0 = Release|Any CPU
	EndGlobalSection
	GlobalSection(SolutionProperties) = preSolution
		HideSolutionNode = FALSE
	EndGlobalSection
	GlobalSection(ExtensibilityGlobals) = postSolution
		SolutionGuid = {4498F9A0-A5AB-4BAC-A772-F9BFE17C58C2}
	EndGlobalSection
EndGlobal
